// !$*UTF8*$!
{
	archiveVersion = 1;
	classes = {
	};
	objectVersion = 50;
	objects = {

/* Begin PBXBuildFile section */
		06BFFACA219B086400C3F325 /* SignUpVC.swift in Sources */ = {isa = PBXBuildFile; fileRef = 06BFFAC9219B086400C3F325 /* SignUpVC.swift */; };
		06BFFACC219B097200C3F325 /* User.swift in Sources */ = {isa = PBXBuildFile; fileRef = 06BFFACB219B097200C3F325 /* User.swift */; };
		06BFFACE219B137C00C3F325 /* LoginScreenVC.swift in Sources */ = {isa = PBXBuildFile; fileRef = 06BFFACD219B137C00C3F325 /* LoginScreenVC.swift */; };
		06BFFAD0219B183300C3F325 /* NewItemVC.swift in Sources */ = {isa = PBXBuildFile; fileRef = 06BFFACF219B183300C3F325 /* NewItemVC.swift */; };
		D43623BC218B261C00A3E633 /* AppDelegate.swift in Sources */ = {isa = PBXBuildFile; fileRef = D43623BB218B261C00A3E633 /* AppDelegate.swift */; };
		D43623BE218B261C00A3E633 /* ItemViewController.swift in Sources */ = {isa = PBXBuildFile; fileRef = D43623BD218B261C00A3E633 /* ItemViewController.swift */; };
		D43623C1218B261C00A3E633 /* Main.storyboard in Resources */ = {isa = PBXBuildFile; fileRef = D43623BF218B261C00A3E633 /* Main.storyboard */; };
		D43623C4218B261C00A3E633 /* rHive.xcdatamodeld in Sources */ = {isa = PBXBuildFile; fileRef = D43623C2218B261C00A3E633 /* rHive.xcdatamodeld */; };
		D43623C6218B261F00A3E633 /* Assets.xcassets in Resources */ = {isa = PBXBuildFile; fileRef = D43623C5218B261F00A3E633 /* Assets.xcassets */; };
		D43623C9218B261F00A3E633 /* LaunchScreen.storyboard in Resources */ = {isa = PBXBuildFile; fileRef = D43623C7218B261F00A3E633 /* LaunchScreen.storyboard */; };
		D43623D1218B2C1000A3E633 /* FeedTableViewController.swift in Sources */ = {isa = PBXBuildFile; fileRef = D43623D0218B2C1000A3E633 /* FeedTableViewController.swift */; };
		D43623D3218B2DD000A3E633 /* FeedTableViewCell.swift in Sources */ = {isa = PBXBuildFile; fileRef = D43623D2218B2DD000A3E633 /* FeedTableViewCell.swift */; };
		D4D1CC4D21904EB3008D7254 /* Items.swift in Sources */ = {isa = PBXBuildFile; fileRef = D4D1CC4C21904EB3008D7254 /* Items.swift */; };
/* End PBXBuildFile section */

/* Begin PBXFileReference section */
		06BFFAC9219B086400C3F325 /* SignUpVC.swift */ = {isa = PBXFileReference; lastKnownFileType = sourcecode.swift; path = SignUpVC.swift; sourceTree = "<group>"; };
		06BFFACB219B097200C3F325 /* User.swift */ = {isa = PBXFileReference; lastKnownFileType = sourcecode.swift; path = User.swift; sourceTree = "<group>"; };
		06BFFACD219B137C00C3F325 /* LoginScreenVC.swift */ = {isa = PBXFileReference; lastKnownFileType = sourcecode.swift; path = LoginScreenVC.swift; sourceTree = "<group>"; };
		06BFFACF219B183300C3F325 /* NewItemVC.swift */ = {isa = PBXFileReference; lastKnownFileType = sourcecode.swift; path = NewItemVC.swift; sourceTree = "<group>"; };
		D43623B8218B261C00A3E633 /* rHive.app */ = {isa = PBXFileReference; explicitFileType = wrapper.application; includeInIndex = 0; path = rHive.app; sourceTree = BUILT_PRODUCTS_DIR; };
		D43623BB218B261C00A3E633 /* AppDelegate.swift */ = {isa = PBXFileReference; lastKnownFileType = sourcecode.swift; path = AppDelegate.swift; sourceTree = "<group>"; };
		D43623BD218B261C00A3E633 /* ItemViewController.swift */ = {isa = PBXFileReference; lastKnownFileType = sourcecode.swift; path = ItemViewController.swift; sourceTree = "<group>"; };
		D43623C0218B261C00A3E633 /* Base */ = {isa = PBXFileReference; lastKnownFileType = file.storyboard; name = Base; path = Base.lproj/Main.storyboard; sourceTree = "<group>"; };
		D43623C3218B261C00A3E633 /* rHive.xcdatamodel */ = {isa = PBXFileReference; lastKnownFileType = wrapper.xcdatamodel; path = rHive.xcdatamodel; sourceTree = "<group>"; };
		D43623C5218B261F00A3E633 /* Assets.xcassets */ = {isa = PBXFileReference; lastKnownFileType = folder.assetcatalog; path = Assets.xcassets; sourceTree = "<group>"; };
		D43623C8218B261F00A3E633 /* Base */ = {isa = PBXFileReference; lastKnownFileType = file.storyboard; name = Base; path = Base.lproj/LaunchScreen.storyboard; sourceTree = "<group>"; };
		D43623CA218B261F00A3E633 /* Info.plist */ = {isa = PBXFileReference; lastKnownFileType = text.plist.xml; path = Info.plist; sourceTree = "<group>"; };
		D43623D0218B2C1000A3E633 /* FeedTableViewController.swift */ = {isa = PBXFileReference; lastKnownFileType = sourcecode.swift; path = FeedTableViewController.swift; sourceTree = "<group>"; };
		D43623D2218B2DD000A3E633 /* FeedTableViewCell.swift */ = {isa = PBXFileReference; lastKnownFileType = sourcecode.swift; path = FeedTableViewCell.swift; sourceTree = "<group>"; };
		D4D1CC4C21904EB3008D7254 /* Items.swift */ = {isa = PBXFileReference; lastKnownFileType = sourcecode.swift; path = Items.swift; sourceTree = "<group>"; };
/* End PBXFileReference section */

/* Begin PBXFrameworksBuildPhase section */
		D43623B5218B261C00A3E633 /* Frameworks */ = {
			isa = PBXFrameworksBuildPhase;
			buildActionMask = 2147483647;
			files = (
			);
			runOnlyForDeploymentPostprocessing = 0;
		};
/* End PBXFrameworksBuildPhase section */

/* Begin PBXGroup section */
		D43623AF218B261C00A3E633 = {
			isa = PBXGroup;
			children = (
				D43623BA218B261C00A3E633 /* rHive */,
				D43623B9218B261C00A3E633 /* Products */,
			);
			sourceTree = "<group>";
		};
		D43623B9218B261C00A3E633 /* Products */ = {
			isa = PBXGroup;
			children = (
				D43623B8218B261C00A3E633 /* rHive.app */,
			);
			name = Products;
			sourceTree = "<group>";
		};
		D43623BA218B261C00A3E633 /* rHive */ = {
			isa = PBXGroup;
			children = (
				D4D1CC50219055DF008D7254 /* Controllers */,
				D4D1CC4F219055D6008D7254 /* View */,
				D4D1CC4E219055CE008D7254 /* Model */,
				D43623BB218B261C00A3E633 /* AppDelegate.swift */,
				D43623C5218B261F00A3E633 /* Assets.xcassets */,
				D43623C7218B261F00A3E633 /* LaunchScreen.storyboard */,
				D43623CA218B261F00A3E633 /* Info.plist */,
				D43623C2218B261C00A3E633 /* rHive.xcdatamodeld */,
			);
			path = rHive;
			sourceTree = "<group>";
		};
		D4D1CC4E219055CE008D7254 /* Model */ = {
			isa = PBXGroup;
			children = (
				D4D1CC4C21904EB3008D7254 /* Items.swift */,
				06BFFACB219B097200C3F325 /* User.swift */,
			);
			path = Model;
			sourceTree = "<group>";
		};
		D4D1CC4F219055D6008D7254 /* View */ = {
			isa = PBXGroup;
			children = (
				D43623BF218B261C00A3E633 /* Main.storyboard */,
			);
			path = View;
			sourceTree = "<group>";
		};
		D4D1CC50219055DF008D7254 /* Controllers */ = {
			isa = PBXGroup;
			children = (
				D43623BD218B261C00A3E633 /* ItemViewController.swift */,
				D43623D0218B2C1000A3E633 /* FeedTableViewController.swift */,
				06BFFACD219B137C00C3F325 /* LoginScreenVC.swift */,
				D43623D2218B2DD000A3E633 /* FeedTableViewCell.swift */,
				06BFFACF219B183300C3F325 /* NewItemVC.swift */,
				06BFFAC9219B086400C3F325 /* SignUpVC.swift */,
			);
			path = Controllers;
			sourceTree = "<group>";
		};
/* End PBXGroup section */

/* Begin PBXNativeTarget section */
		D43623B7218B261C00A3E633 /* rHive */ = {
			isa = PBXNativeTarget;
			buildConfigurationList = D43623CD218B261F00A3E633 /* Build configuration list for PBXNativeTarget "rHive" */;
			buildPhases = (
				D43623B4218B261C00A3E633 /* Sources */,
				D43623B5218B261C00A3E633 /* Frameworks */,
				D43623B6218B261C00A3E633 /* Resources */,
			);
			buildRules = (
			);
			dependencies = (
			);
			name = rHive;
			productName = rHive;
			productReference = D43623B8218B261C00A3E633 /* rHive.app */;
			productType = "com.apple.product-type.application";
		};
/* End PBXNativeTarget section */

/* Begin PBXProject section */
		D43623B0218B261C00A3E633 /* Project object */ = {
			isa = PBXProject;
			attributes = {
				LastSwiftUpdateCheck = 0930;
				LastUpgradeCheck = 0930;
				ORGANIZATIONNAME = M2V;
				TargetAttributes = {
					D43623B7218B261C00A3E633 = {
						CreatedOnToolsVersion = 9.3.1;
					};
				};
			};
			buildConfigurationList = D43623B3218B261C00A3E633 /* Build configuration list for PBXProject "rHive" */;
			compatibilityVersion = "Xcode 9.3";
			developmentRegion = en;
			hasScannedForEncodings = 0;
			knownRegions = (
				en,
				Base,
			);
			mainGroup = D43623AF218B261C00A3E633;
			productRefGroup = D43623B9218B261C00A3E633 /* Products */;
			projectDirPath = "";
			projectRoot = "";
			targets = (
				D43623B7218B261C00A3E633 /* rHive */,
			);
		};
/* End PBXProject section */

/* Begin PBXResourcesBuildPhase section */
		D43623B6218B261C00A3E633 /* Resources */ = {
			isa = PBXResourcesBuildPhase;
			buildActionMask = 2147483647;
			files = (
				D43623C9218B261F00A3E633 /* LaunchScreen.storyboard in Resources */,
				D43623C6218B261F00A3E633 /* Assets.xcassets in Resources */,
				D43623C1218B261C00A3E633 /* Main.storyboard in Resources */,
			);
			runOnlyForDeploymentPostprocessing = 0;
		};
/* End PBXResourcesBuildPhase section */

/* Begin PBXSourcesBuildPhase section */
		D43623B4218B261C00A3E633 /* Sources */ = {
			isa = PBXSourcesBuildPhase;
			buildActionMask = 2147483647;
			files = (
				06BFFAD0219B183300C3F325 /* NewItemVC.swift in Sources */,
				06BFFACE219B137C00C3F325 /* LoginScreenVC.swift in Sources */,
				06BFFACA219B086400C3F325 /* SignUpVC.swift in Sources */,
				D43623BE218B261C00A3E633 /* ItemViewController.swift in Sources */,
				D43623BC218B261C00A3E633 /* AppDelegate.swift in Sources */,
				D43623C4218B261C00A3E633 /* rHive.xcdatamodeld in Sources */,
				06BFFACC219B097200C3F325 /* User.swift in Sources */,
				D43623D1218B2C1000A3E633 /* FeedTableViewController.swift in Sources */,
				D4D1CC4D21904EB3008D7254 /* Items.swift in Sources */,
				D43623D3218B2DD000A3E633 /* FeedTableViewCell.swift in Sources */,
			);
			runOnlyForDeploymentPostprocessing = 0;
		};
/* End PBXSourcesBuildPhase section */

/* Begin PBXVariantGroup section */
		D43623BF218B261C00A3E633 /* Main.storyboard */ = {
			isa = PBXVariantGroup;
			children = (
				D43623C0218B261C00A3E633 /* Base */,
			);
			name = Main.storyboard;
			sourceTree = "<group>";
		};
		D43623C7218B261F00A3E633 /* LaunchScreen.storyboard */ = {
			isa = PBXVariantGroup;
			children = (
				D43623C8218B261F00A3E633 /* Base */,
			);
			name = LaunchScreen.storyboard;
			sourceTree = "<group>";
		};
/* End PBXVariantGroup section */

/* Begin XCBuildConfiguration section */
		D43623CB218B261F00A3E633 /* Debug */ = {
			isa = XCBuildConfiguration;
			buildSettings = {
				ALWAYS_SEARCH_USER_PATHS = NO;
				CLANG_ANALYZER_NONNULL = YES;
				CLANG_ANALYZER_NUMBER_OBJECT_CONVERSION = YES_AGGRESSIVE;
				CLANG_CXX_LANGUAGE_STANDARD = "gnu++14";
				CLANG_CXX_LIBRARY = "libc++";
				CLANG_ENABLE_MODULES = YES;
				CLANG_ENABLE_OBJC_ARC = YES;
				CLANG_ENABLE_OBJC_WEAK = YES;
				CLANG_WARN_BLOCK_CAPTURE_AUTORELEASING = YES;
				CLANG_WARN_BOOL_CONVERSION = YES;
				CLANG_WARN_COMMA = YES;
				CLANG_WARN_CONSTANT_CONVERSION = YES;
				CLANG_WARN_DEPRECATED_OBJC_IMPLEMENTATIONS = YES;
				CLANG_WARN_DIRECT_OBJC_ISA_USAGE = YES_ERROR;
				CLANG_WARN_DOCUMENTATION_COMMENTS = YES;
				CLANG_WARN_EMPTY_BODY = YES;
				CLANG_WARN_ENUM_CONVERSION = YES;
				CLANG_WARN_INFINITE_RECURSION = YES;
				CLANG_WARN_INT_CONVERSION = YES;
				CLANG_WARN_NON_LITERAL_NULL_CONVERSION = YES;
				CLANG_WARN_OBJC_IMPLICIT_RETAIN_SELF = YES;
				CLANG_WARN_OBJC_LITERAL_CONVERSION = YES;
				CLANG_WARN_OBJC_ROOT_CLASS = YES_ERROR;
				CLANG_WARN_RANGE_LOOP_ANALYSIS = YES;
				CLANG_WARN_STRICT_PROTOTYPES = YES;
				CLANG_WARN_SUSPICIOUS_MOVE = YES;
				CLANG_WARN_UNGUARDED_AVAILABILITY = YES_AGGRESSIVE;
				CLANG_WARN_UNREACHABLE_CODE = YES;
				CLANG_WARN__DUPLICATE_METHOD_MATCH = YES;
				CODE_SIGN_IDENTITY = "iPhone Developer";
				COPY_PHASE_STRIP = NO;
				DEBUG_INFORMATION_FORMAT = dwarf;
				ENABLE_STRICT_OBJC_MSGSEND = YES;
				ENABLE_TESTABILITY = YES;
				GCC_C_LANGUAGE_STANDARD = gnu11;
				GCC_DYNAMIC_NO_PIC = NO;
				GCC_NO_COMMON_BLOCKS = YES;
				GCC_OPTIMIZATION_LEVEL = 0;
				GCC_PREPROCESSOR_DEFINITIONS = (
					"DEBUG=1",
					"$(inherited)",
				);
				GCC_WARN_64_TO_32_BIT_CONVERSION = YES;
				GCC_WARN_ABOUT_RETURN_TYPE = YES_ERROR;
				GCC_WARN_UNDECLARED_SELECTOR = YES;
				GCC_WARN_UNINITIALIZED_AUTOS = YES_AGGRESSIVE;
				GCC_WARN_UNUSED_FUNCTION = YES;
				GCC_WARN_UNUSED_VARIABLE = YES;
				IPHONEOS_DEPLOYMENT_TARGET = 11.3;
				MTL_ENABLE_DEBUG_INFO = YES;
				ONLY_ACTIVE_ARCH = YES;
				SDKROOT = iphoneos;
				SWIFT_ACTIVE_COMPILATION_CONDITIONS = DEBUG;
				SWIFT_OPTIMIZATION_LEVEL = "-Onone";
			};
			name = Debug;
		};
		D43623CC218B261F00A3E633 /* Release */ = {
			isa = XCBuildConfiguration;
			buildSettings = {
				ALWAYS_SEARCH_USER_PATHS = NO;
				CLANG_ANALYZER_NONNULL = YES;
				CLANG_ANALYZER_NUMBER_OBJECT_CONVERSION = YES_AGGRESSIVE;
				CLANG_CXX_LANGUAGE_STANDARD = "gnu++14";
				CLANG_CXX_LIBRARY = "libc++";
				CLANG_ENABLE_MODULES = YES;
				CLANG_ENABLE_OBJC_ARC = YES;
				CLANG_ENABLE_OBJC_WEAK = YES;
				CLANG_WARN_BLOCK_CAPTURE_AUTORELEASING = YES;
				CLANG_WARN_BOOL_CONVERSION = YES;
				CLANG_WARN_COMMA = YES;
				CLANG_WARN_CONSTANT_CONVERSION = YES;
				CLANG_WARN_DEPRECATED_OBJC_IMPLEMENTATIONS = YES;
				CLANG_WARN_DIRECT_OBJC_ISA_USAGE = YES_ERROR;
				CLANG_WARN_DOCUMENTATION_COMMENTS = YES;
				CLANG_WARN_EMPTY_BODY = YES;
				CLANG_WARN_ENUM_CONVERSION = YES;
				CLANG_WARN_INFINITE_RECURSION = YES;
				CLANG_WARN_INT_CONVERSION = YES;
				CLANG_WARN_NON_LITERAL_NULL_CONVERSION = YES;
				CLANG_WARN_OBJC_IMPLICIT_RETAIN_SELF = YES;
				CLANG_WARN_OBJC_LITERAL_CONVERSION = YES;
				CLANG_WARN_OBJC_ROOT_CLASS = YES_ERROR;
				CLANG_WARN_RANGE_LOOP_ANALYSIS = YES;
				CLANG_WARN_STRICT_PROTOTYPES = YES;
				CLANG_WARN_SUSPICIOUS_MOVE = YES;
				CLANG_WARN_UNGUARDED_AVAILABILITY = YES_AGGRESSIVE;
				CLANG_WARN_UNREACHABLE_CODE = YES;
				CLANG_WARN__DUPLICATE_METHOD_MATCH = YES;
				CODE_SIGN_IDENTITY = "iPhone Developer";
				COPY_PHASE_STRIP = NO;
				DEBUG_INFORMATION_FORMAT = "dwarf-with-dsym";
				ENABLE_NS_ASSERTIONS = NO;
				ENABLE_STRICT_OBJC_MSGSEND = YES;
				GCC_C_LANGUAGE_STANDARD = gnu11;
				GCC_NO_COMMON_BLOCKS = YES;
				GCC_WARN_64_TO_32_BIT_CONVERSION = YES;
				GCC_WARN_ABOUT_RETURN_TYPE = YES_ERROR;
				GCC_WARN_UNDECLARED_SELECTOR = YES;
				GCC_WARN_UNINITIALIZED_AUTOS = YES_AGGRESSIVE;
				GCC_WARN_UNUSED_FUNCTION = YES;
				GCC_WARN_UNUSED_VARIABLE = YES;
				IPHONEOS_DEPLOYMENT_TARGET = 11.3;
				MTL_ENABLE_DEBUG_INFO = NO;
				SDKROOT = iphoneos;
				SWIFT_COMPILATION_MODE = wholemodule;
				SWIFT_OPTIMIZATION_LEVEL = "-O";
				VALIDATE_PRODUCT = YES;
			};
			name = Release;
		};
		D43623CE218B261F00A3E633 /* Debug */ = {
			isa = XCBuildConfiguration;
			buildSettings = {
				ASSETCATALOG_COMPILER_APPICON_NAME = AppIcon;
				CODE_SIGN_STYLE = Automatic;
				DEVELOPMENT_TEAM = 2ABJHATG89;
				INFOPLIST_FILE = rHive/Info.plist;
				LD_RUNPATH_SEARCH_PATHS = (
					"$(inherited)",
					"@executable_path/Frameworks",
				);
				PRODUCT_BUNDLE_IDENTIFIER = com.M2V.rHive;
				PRODUCT_NAME = "$(TARGET_NAME)";
				SWIFT_VERSION = 4.0;
				TARGETED_DEVICE_FAMILY = "1,2";
			};
			name = Debug;
		};
		D43623CF218B261F00A3E633 /* Release */ = {
			isa = XCBuildConfiguration;
			buildSettings = {
				ASSETCATALOG_COMPILER_APPICON_NAME = AppIcon;
				CODE_SIGN_STYLE = Automatic;
				DEVELOPMENT_TEAM = 2ABJHATG89;
				INFOPLIST_FILE = rHive/Info.plist;
				LD_RUNPATH_SEARCH_PATHS = (
					"$(inherited)",
					"@executable_path/Frameworks",
				);
				PRODUCT_BUNDLE_IDENTIFIER = com.M2V.rHive;
				PRODUCT_NAME = "$(TARGET_NAME)";
				SWIFT_VERSION = 4.0;
				TARGETED_DEVICE_FAMILY = "1,2";
			};
			name = Release;
		};
/* End XCBuildConfiguration section */

/* Begin XCConfigurationList section */
		D43623B3218B261C00A3E633 /* Build configuration list for PBXProject "rHive" */ = {
			isa = XCConfigurationList;
			buildConfigurations = (
				D43623CB218B261F00A3E633 /* Debug */,
				D43623CC218B261F00A3E633 /* Release */,
			);
			defaultConfigurationIsVisible = 0;
			defaultConfigurationName = Release;
		};
		D43623CD218B261F00A3E633 /* Build configuration list for PBXNativeTarget "rHive" */ = {
			isa = XCConfigurationList;
			buildConfigurations = (
				D43623CE218B261F00A3E633 /* Debug */,
				D43623CF218B261F00A3E633 /* Release */,
			);
			defaultConfigurationIsVisible = 0;
			defaultConfigurationName = Release;
		};
/* End XCConfigurationList section */

/* Begin XCVersionGroup section */
		D43623C2218B261C00A3E633 /* rHive.xcdatamodeld */ = {
			isa = XCVersionGroup;
			children = (
				D43623C3218B261C00A3E633 /* rHive.xcdatamodel */,
			);
			currentVersion = D43623C3218B261C00A3E633 /* rHive.xcdatamodel */;
			path = rHive.xcdatamodeld;
			sourceTree = "<group>";
			versionGroupType = wrapper.xcdatamodel;
		};
/* End XCVersionGroup section */
	};
	rootObject = D43623B0218B261C00A3E633 /* Project object */;
}
